
Microsoft Visual Studio Solution File, Format Version 12.00
# Visual Studio 15
VisualStudioVersion = 15.0.28307.572
MinimumVisualStudioVersion = 10.0.40219.1
Project("{FAE04EC0-301F-11D3-BF4B-00C04F79EFBC}") = "BCA.Core", "BCA.Core\BCA.Core.csproj", "{B8C278E6-3843-4B20-A5B1-ABD36B8D6098}"
EndProject
Project("{FAE04EC0-301F-11D3-BF4B-00C04F79EFBC}") = "BCA.Nortwind.Entities", "BCA.Nortwind.Entities\BCA.Nortwind.Entities.csproj", "{9AC28F63-AE7A-46CB-A113-76907F4EFD15}"
EndProject
Project("{FAE04EC0-301F-11D3-BF4B-00C04F79EFBC}") = "BCA.Northwind.Business", "BCA.Northwind.Business\BCA.Northwind.Business.csproj", "{3B4AF2B7-27F3-41E0-8E13-ACF1F8820481}"
EndProject
Project("{FAE04EC0-301F-11D3-BF4B-00C04F79EFBC}") = "BCA.Northwind.DaraAccess", "BCA.Northwind.DaraAccess\BCA.Northwind.DaraAccess.csproj", "{4DE0C4B4-B3AF-48BC-9E93-94931535839A}"
EndProject
Project("{FAE04EC0-301F-11D3-BF4B-00C04F79EFBC}") = "BCA.Northwind.MvcWebUI", "BCA.Northwind.MvcWebUI\BCA.Northwind.MvcWebUI.csproj", "{4E780AB3-138E-4F27-9C5D-CB9692F85805}"
EndProject
Global
	GlobalSection(SolutionConfigurationPlatforms) = preSolution
		Debug|Any CPU = Debug|Any CPU
		Release|Any CPU = Release|Any CPU
	EndGlobalSection
	GlobalSection(ProjectConfigurationPlatforms) = postSolution
		{B8C278E6-3843-4B20-A5B1-ABD36B8D6098}.Debug|Any CPU.ActiveCfg = Debug|Any CPU
		{B8C278E6-3843-4B20-A5B1-ABD36B8D6098}.Debug|Any CPU.Build.0 = Debug|Any CPU
		{B8C278E6-3843-4B20-A5B1-ABD36B8D6098}.Release|Any CPU.ActiveCfg = Release|Any CPU
		{B8C278E6-3843-4B20-A5B1-ABD36B8D6098}.Release|Any CPU.Build.0 = Release|Any CPU
		{9AC28F63-AE7A-46CB-A113-76907F4EFD15}.Debug|Any CPU.ActiveCfg = Debug|Any CPU
		{9AC28F63-AE7A-46CB-A113-76907F4EFD15}.Debug|Any CPU.Build.0 = Debug|Any CPU
		{9AC28F63-AE7A-46CB-A113-76907F4EFD15}.Release|Any CPU.ActiveCfg = Release|Any CPU
		{9AC28F63-AE7A-46CB-A113-76907F4EFD15}.Release|Any CPU.Build.0 = Release|Any CPU
		{3B4AF2B7-27F3-41E0-8E13-ACF1F8820481}.Debug|Any CPU.ActiveCfg = Debug|Any CPU
		{3B4AF2B7-27F3-41E0-8E13-ACF1F8820481}.Debug|Any CPU.Build.0 = Debug|Any CPU
		{3B4AF2B7-27F3-41E0-8E13-ACF1F8820481}.Release|Any CPU.ActiveCfg = Release|Any CPU
		{3B4AF2B7-27F3-41E0-8E13-ACF1F8820481}.Release|Any CPU.Build.0 = Release|Any CPU
		{4DE0C4B4-B3AF-48BC-9E93-94931535839A}.Debug|Any CPU.ActiveCfg = Debug|Any CPU
		{4DE0C4B4-B3AF-48BC-9E93-94931535839A}.Debug|Any CPU.Build.0 = Debug|Any CPU
		{4DE0C4B4-B3AF-48BC-9E93-94931535839A}.Release|Any CPU.ActiveCfg = Release|Any CPU
		{4DE0C4B4-B3AF-48BC-9E93-94931535839A}.Release|Any CPU.Build.0 = Release|Any CPU
		{4E780AB3-138E-4F27-9C5D-CB9692F85805}.Debug|Any CPU.ActiveCfg = Debug|Any CPU
		{4E780AB3-138E-4F27-9C5D-CB9692F85805}.Debug|Any CPU.Build.0 = Debug|Any CPU
		{4E780AB3-138E-4F27-9C5D-CB9692F85805}.Release|Any CPU.ActiveCfg = Release|Any CPU
		{4E780AB3-138E-4F27-9C5D-CB9692F85805}.Release|Any CPU.Build.0 = Release|Any CPU
	EndGlobalSection
	GlobalSection(SolutionProperties) = preSolution
		HideSolutionNode = FALSE
	EndGlobalSection
	GlobalSection(ExtensibilityGlobals) = postSolution
		SolutionGuid = {5308A616-78F6-4858-8BA7-34ECA0DE7690}
	EndGlobalSection
EndGlobal
